
Microsoft Visual Studio Solution File, Format Version 12.00
# Visual Studio Version 16
VisualStudioVersion = 16.0.28407.52
MinimumVisualStudioVersion = 10.0.40219.1
Project("{9A19103F-16F7-4668-BE54-9A1E7A4F7556}") = "mlregression", "mlregression\mlregression.csproj", "{E49D0825-05C3-4238-9A02-F2D2CE37FDA1}"
EndProject
Project("{9A19103F-16F7-4668-BE54-9A1E7A4F7556}") = "mldeepdivelib", "mldeepdivelib\mldeepdivelib.csproj", "{033419BC-C20C-41B8-8945-43C4C8ACFDB8}"
EndProject
Project("{9A19103F-16F7-4668-BE54-9A1E7A4F7556}") = "ThreatClassifier", "ThreatClassifier\ThreatClassifier.csproj", "{2BC0AA7E-36EE-4390-9727-9D5141D11959}"
EndProject
Project("{FAE04EC0-301F-11D3-BF4B-00C04F79EFBC}") = "mlbinaryclassifier", "mlbinaryclassifier\mlbinaryclassifier.csproj", "{D655333B-B6C4-4C6F-9BD3-7F5C5800EAE9}"
EndProject
Global
	GlobalSection(SolutionConfigurationPlatforms) = preSolution
		Debug|Any CPU = Debug|Any CPU
		Debug|x64 = Debug|x64
		Release|Any CPU = Release|Any CPU
		Release|x64 = Release|x64
	EndGlobalSection
	GlobalSection(ProjectConfigurationPlatforms) = postSolution
		{E49D0825-05C3-4238-9A02-F2D2CE37FDA1}.Debug|Any CPU.ActiveCfg = Debug|Any CPU
		{E49D0825-05C3-4238-9A02-F2D2CE37FDA1}.Debug|Any CPU.Build.0 = Debug|Any CPU
		{E49D0825-05C3-4238-9A02-F2D2CE37FDA1}.Debug|x64.ActiveCfg = Debug|x64
		{E49D0825-05C3-4238-9A02-F2D2CE37FDA1}.Debug|x64.Build.0 = Debug|x64
		{E49D0825-05C3-4238-9A02-F2D2CE37FDA1}.Release|Any CPU.ActiveCfg = Release|Any CPU
		{E49D0825-05C3-4238-9A02-F2D2CE37FDA1}.Release|Any CPU.Build.0 = Release|Any CPU
		{E49D0825-05C3-4238-9A02-F2D2CE37FDA1}.Release|x64.ActiveCfg = Release|x64
		{E49D0825-05C3-4238-9A02-F2D2CE37FDA1}.Release|x64.Build.0 = Release|x64
		{033419BC-C20C-41B8-8945-43C4C8ACFDB8}.Debug|Any CPU.ActiveCfg = Debug|Any CPU
		{033419BC-C20C-41B8-8945-43C4C8ACFDB8}.Debug|Any CPU.Build.0 = Debug|Any CPU
		{033419BC-C20C-41B8-8945-43C4C8ACFDB8}.Debug|x64.ActiveCfg = Debug|x64
		{033419BC-C20C-41B8-8945-43C4C8ACFDB8}.Debug|x64.Build.0 = Debug|x64
		{033419BC-C20C-41B8-8945-43C4C8ACFDB8}.Release|Any CPU.ActiveCfg = Release|Any CPU
		{033419BC-C20C-41B8-8945-43C4C8ACFDB8}.Release|Any CPU.Build.0 = Release|Any CPU
		{033419BC-C20C-41B8-8945-43C4C8ACFDB8}.Release|x64.ActiveCfg = Release|x64
		{033419BC-C20C-41B8-8945-43C4C8ACFDB8}.Release|x64.Build.0 = Release|x64
		{2BC0AA7E-36EE-4390-9727-9D5141D11959}.Debug|Any CPU.ActiveCfg = Debug|Any CPU
		{2BC0AA7E-36EE-4390-9727-9D5141D11959}.Debug|Any CPU.Build.0 = Debug|Any CPU
		{2BC0AA7E-36EE-4390-9727-9D5141D11959}.Debug|x64.ActiveCfg = Debug|Any CPU
		{2BC0AA7E-36EE-4390-9727-9D5141D11959}.Debug|x64.Build.0 = Debug|Any CPU
		{2BC0AA7E-36EE-4390-9727-9D5141D11959}.Release|Any CPU.ActiveCfg = Release|Any CPU
		{2BC0AA7E-36EE-4390-9727-9D5141D11959}.Release|Any CPU.Build.0 = Release|Any CPU
		{2BC0AA7E-36EE-4390-9727-9D5141D11959}.Release|x64.ActiveCfg = Release|Any CPU
		{2BC0AA7E-36EE-4390-9727-9D5141D11959}.Release|x64.Build.0 = Release|Any CPU
		{D655333B-B6C4-4C6F-9BD3-7F5C5800EAE9}.Debug|Any CPU.ActiveCfg = Debug|Any CPU
		{D655333B-B6C4-4C6F-9BD3-7F5C5800EAE9}.Debug|Any CPU.Build.0 = Debug|Any CPU
		{D655333B-B6C4-4C6F-9BD3-7F5C5800EAE9}.Debug|x64.ActiveCfg = Debug|Any CPU
		{D655333B-B6C4-4C6F-9BD3-7F5C5800EAE9}.Debug|x64.Build.0 = Debug|Any CPU
		{D655333B-B6C4-4C6F-9BD3-7F5C5800EAE9}.Release|Any CPU.ActiveCfg = Release|Any CPU
		{D655333B-B6C4-4C6F-9BD3-7F5C5800EAE9}.Release|Any CPU.Build.0 = Release|Any CPU
		{D655333B-B6C4-4C6F-9BD3-7F5C5800EAE9}.Release|x64.ActiveCfg = Release|Any CPU
		{D655333B-B6C4-4C6F-9BD3-7F5C5800EAE9}.Release|x64.Build.0 = Release|Any CPU
	EndGlobalSection
	GlobalSection(SolutionProperties) = preSolution
		HideSolutionNode = FALSE
	EndGlobalSection
	GlobalSection(ExtensibilityGlobals) = postSolution
		SolutionGuid = {1C2F48E5-DA4D-4945-BAAB-955AA051C9AD}
	EndGlobalSection
EndGlobal
